
Microsoft Visual Studio Solution File, Format Version 12.00
# Visual Studio Version 17
VisualStudioVersion = 17.5.33530.505
MinimumVisualStudioVersion = 10.0.40219.1
Project("{FAE04EC0-301F-11D3-BF4B-00C04F79EFBC}") = "RoboWebApi", "RoboWebApi\RoboWebApi.csproj", "{FA888836-70C5-4D70-9BD9-075B12A14A2C}"
EndProject
Project("{FAE04EC0-301F-11D3-BF4B-00C04F79EFBC}") = "RoboWebApiService", "RoboWebApiService\RoboWebApiService.csproj", "{88BC8903-1F59-49D0-AFC8-3664D8E965F8}"
EndProject
Global
	GlobalSection(SolutionConfigurationPlatforms) = preSolution
		Debug|Any CPU = Debug|Any CPU
		Release|Any CPU = Release|Any CPU
	EndGlobalSection
	GlobalSection(ProjectConfigurationPlatforms) = postSolution
		{FA888836-70C5-4D70-9BD9-075B12A14A2C}.Debug|Any CPU.ActiveCfg = Debug|Any CPU
		{FA888836-70C5-4D70-9BD9-075B12A14A2C}.Debug|Any CPU.Build.0 = Debug|Any CPU
		{FA888836-70C5-4D70-9BD9-075B12A14A2C}.Release|Any CPU.ActiveCfg = Release|Any CPU
		{FA888836-70C5-4D70-9BD9-075B12A14A2C}.Release|Any CPU.Build.0 = Release|Any CPU
		{88BC8903-1F59-49D0-AFC8-3664D8E965F8}.Debug|Any CPU.ActiveCfg = Debug|Any CPU
		{88BC8903-1F59-49D0-AFC8-3664D8E965F8}.Debug|Any CPU.Build.0 = Debug|Any CPU
		{88BC8903-1F59-49D0-AFC8-3664D8E965F8}.Release|Any CPU.ActiveCfg = Release|Any CPU
		{88BC8903-1F59-49D0-AFC8-3664D8E965F8}.Release|Any CPU.Build.0 = Release|Any CPU
	EndGlobalSection
	GlobalSection(SolutionProperties) = preSolution
		HideSolutionNode = FALSE
	EndGlobalSection
	GlobalSection(ExtensibilityGlobals) = postSolution
		SolutionGuid = {90FEB74C-B8D6-431C-A43B-1A6F867868F9}
	EndGlobalSection
EndGlobal
